
Microsoft Visual Studio Solution File, Format Version 12.00
# Visual Studio Version 17
VisualStudioVersion = 17.0.32014.148
MinimumVisualStudioVersion = 10.0.40219.1
Project("{FAE04EC0-301F-11D3-BF4B-00C04F79EFBC}") = "CATI9101", "CATI9101\CATI9101.csproj", "{22E6FFA6-C754-4B31-8153-71CC7EC399BC}"
EndProject
Global
	GlobalSection(SolutionConfigurationPlatforms) = preSolution
		Debug|Any CPU = Debug|Any CPU
		Release|Any CPU = Release|Any CPU
	EndGlobalSection
	GlobalSection(ProjectConfigurationPlatforms) = postSolution
		{22E6FFA6-C754-4B31-8153-71CC7EC399BC}.Debug|Any CPU.ActiveCfg = Debug|Any CPU
		{22E6FFA6-C754-4B31-8153-71CC7EC399BC}.Debug|Any CPU.Build.0 = Debug|Any CPU
		{22E6FFA6-C754-4B31-8153-71CC7EC399BC}.Release|Any CPU.ActiveCfg = Release|Any CPU
		{22E6FFA6-C754-4B31-8153-71CC7EC399BC}.Release|Any CPU.Build.0 = Release|Any CPU
	EndGlobalSection
	GlobalSection(SolutionProperties) = preSolution
		HideSolutionNode = FALSE
	EndGlobalSection
	GlobalSection(ExtensibilityGlobals) = postSolution
		SolutionGuid = {67DDA4B6-6CE8-4E8E-B7A0-5F97A6471795}
	EndGlobalSection
EndGlobal
